
Microsoft Visual Studio Solution File, Format Version 12.00
# Visual Studio Version 17
VisualStudioVersion = 17.10.35122.118
MinimumVisualStudioVersion = 10.0.40219.1
Project("{FAE04EC0-301F-11D3-BF4B-00C04F79EFBC}") = "Traceless", "Traceless\Traceless.csproj", "{055D622F-B8E4-4C90-B8AB-1A92DE1E4BC0}"
EndProject
Global
	GlobalSection(SolutionConfigurationPlatforms) = preSolution
		Debug|Any CPU = Debug|Any CPU
		Release|Any CPU = Release|Any CPU
	EndGlobalSection
	GlobalSection(ProjectConfigurationPlatforms) = postSolution
		{055D622F-B8E4-4C90-B8AB-1A92DE1E4BC0}.Debug|Any CPU.ActiveCfg = Debug|Any CPU
		{055D622F-B8E4-4C90-B8AB-1A92DE1E4BC0}.Debug|Any CPU.Build.0 = Debug|Any CPU
		{055D622F-B8E4-4C90-B8AB-1A92DE1E4BC0}.Release|Any CPU.ActiveCfg = Release|Any CPU
		{055D622F-B8E4-4C90-B8AB-1A92DE1E4BC0}.Release|Any CPU.Build.0 = Release|Any CPU
	EndGlobalSection
	GlobalSection(SolutionProperties) = preSolution
		HideSolutionNode = FALSE
	EndGlobalSection
	GlobalSection(ExtensibilityGlobals) = postSolution
		SolutionGuid = {A4DA4520-D098-40B7-9DD9-74BC7A4713A2}
	EndGlobalSection
EndGlobal
